
Microsoft Visual Studio Solution File, Format Version 12.00
# Visual Studio Version 16
VisualStudioVersion = 16.0.31729.503
MinimumVisualStudioVersion = 10.0.40219.1
Project("{FAE04EC0-301F-11D3-BF4B-00C04F79EFBC}") = "WebApplicationEAP", "WebApplicationEAP\WebApplicationEAP.csproj", "{C00F47AC-F75E-4498-B0EA-67046FBBA707}"
EndProject
Global
	GlobalSection(SolutionConfigurationPlatforms) = preSolution
		Debug|Any CPU = Debug|Any CPU
		Release|Any CPU = Release|Any CPU
	EndGlobalSection
	GlobalSection(ProjectConfigurationPlatforms) = postSolution
		{C00F47AC-F75E-4498-B0EA-67046FBBA707}.Debug|Any CPU.ActiveCfg = Debug|Any CPU
		{C00F47AC-F75E-4498-B0EA-67046FBBA707}.Debug|Any CPU.Build.0 = Debug|Any CPU
		{C00F47AC-F75E-4498-B0EA-67046FBBA707}.Release|Any CPU.ActiveCfg = Release|Any CPU
		{C00F47AC-F75E-4498-B0EA-67046FBBA707}.Release|Any CPU.Build.0 = Release|Any CPU
	EndGlobalSection
	GlobalSection(SolutionProperties) = preSolution
		HideSolutionNode = FALSE
	EndGlobalSection
	GlobalSection(ExtensibilityGlobals) = postSolution
		SolutionGuid = {3A8361D8-EA7C-4B6F-BF26-687461BD3014}
	EndGlobalSection
EndGlobal
