
Microsoft Visual Studio Solution File, Format Version 12.00
# Visual Studio Version 16
VisualStudioVersion = 16.0.31729.503
MinimumVisualStudioVersion = 10.0.40219.1
Project("{FAE04EC0-301F-11D3-BF4B-00C04F79EFBC}") = "WcfServiceEAP", "WcfServiceEAP\WcfServiceEAP.csproj", "{CD09AA98-6B82-472D-8F52-1A7A9A3ADB33}"
EndProject
Global
	GlobalSection(SolutionConfigurationPlatforms) = preSolution
		Debug|Any CPU = Debug|Any CPU
		Release|Any CPU = Release|Any CPU
	EndGlobalSection
	GlobalSection(ProjectConfigurationPlatforms) = postSolution
		{CD09AA98-6B82-472D-8F52-1A7A9A3ADB33}.Debug|Any CPU.ActiveCfg = Debug|Any CPU
		{CD09AA98-6B82-472D-8F52-1A7A9A3ADB33}.Debug|Any CPU.Build.0 = Debug|Any CPU
		{CD09AA98-6B82-472D-8F52-1A7A9A3ADB33}.Release|Any CPU.ActiveCfg = Release|Any CPU
		{CD09AA98-6B82-472D-8F52-1A7A9A3ADB33}.Release|Any CPU.Build.0 = Release|Any CPU
	EndGlobalSection
	GlobalSection(SolutionProperties) = preSolution
		HideSolutionNode = FALSE
	EndGlobalSection
	GlobalSection(ExtensibilityGlobals) = postSolution
		SolutionGuid = {D71C21E9-7BCC-4ECA-8CE2-FC4B4D545C46}
	EndGlobalSection
EndGlobal
